
Microsoft Visual Studio Solution File, Format Version 12.00
Project("{FAE04EC0-301F-11D3-BF4B-00C04F79EFBC}") = "LifeC", "LifeC\LifeC.csproj", "{79839D9F-13E5-4634-A305-C1C5B2115ACD}"
EndProject
Global
	GlobalSection(SolutionConfigurationPlatforms) = preSolution
		Debug|Any CPU = Debug|Any CPU
		Release|Any CPU = Release|Any CPU
	EndGlobalSection
	GlobalSection(ProjectConfigurationPlatforms) = postSolution
		{79839D9F-13E5-4634-A305-C1C5B2115ACD}.Debug|Any CPU.ActiveCfg = Debug|Any CPU
		{79839D9F-13E5-4634-A305-C1C5B2115ACD}.Debug|Any CPU.Build.0 = Debug|Any CPU
		{79839D9F-13E5-4634-A305-C1C5B2115ACD}.Release|Any CPU.ActiveCfg = Release|Any CPU
		{79839D9F-13E5-4634-A305-C1C5B2115ACD}.Release|Any CPU.Build.0 = Release|Any CPU
	EndGlobalSection
EndGlobal
